
Microsoft Visual Studio Solution File, Format Version 12.00
# Visual Studio 14
VisualStudioVersion = 14.0.25123.0
MinimumVisualStudioVersion = 10.0.40219.1
Project("{FAE04EC0-301F-11D3-BF4B-00C04F79EFBC}") = "23Net", "TwentyThreeNet\23Net.csproj", "{5F017126-C1FF-4996-85CC-6150E80C6AFC}"
EndProject
Project("{FAE04EC0-301F-11D3-BF4B-00C04F79EFBC}") = "DemoApplication", "DemoApplication\DemoApplication.csproj", "{07EF01D2-7E53-4F5E-879A-19CB6E8D2E55}"
EndProject
Global
	GlobalSection(SolutionConfigurationPlatforms) = preSolution
		Debug|Any CPU = Debug|Any CPU
		Debug|ARM = Debug|ARM
		Debug|x86 = Debug|x86
		Release|Any CPU = Release|Any CPU
		Release|ARM = Release|ARM
		Release|x86 = Release|x86
	EndGlobalSection
	GlobalSection(ProjectConfigurationPlatforms) = postSolution
		{5F017126-C1FF-4996-85CC-6150E80C6AFC}.Debug|Any CPU.ActiveCfg = Debug|Any CPU
		{5F017126-C1FF-4996-85CC-6150E80C6AFC}.Debug|Any CPU.Build.0 = Debug|Any CPU
		{5F017126-C1FF-4996-85CC-6150E80C6AFC}.Debug|ARM.ActiveCfg = Debug|Any CPU
		{5F017126-C1FF-4996-85CC-6150E80C6AFC}.Debug|x86.ActiveCfg = Debug|Any CPU
		{5F017126-C1FF-4996-85CC-6150E80C6AFC}.Release|Any CPU.ActiveCfg = Release|Any CPU
		{5F017126-C1FF-4996-85CC-6150E80C6AFC}.Release|Any CPU.Build.0 = Release|Any CPU
		{5F017126-C1FF-4996-85CC-6150E80C6AFC}.Release|ARM.ActiveCfg = Release|Any CPU
		{5F017126-C1FF-4996-85CC-6150E80C6AFC}.Release|x86.ActiveCfg = Release|Any CPU
		{07EF01D2-7E53-4F5E-879A-19CB6E8D2E55}.Debug|Any CPU.ActiveCfg = Debug|Any CPU
		{07EF01D2-7E53-4F5E-879A-19CB6E8D2E55}.Debug|Any CPU.Build.0 = Debug|Any CPU
		{07EF01D2-7E53-4F5E-879A-19CB6E8D2E55}.Debug|ARM.ActiveCfg = Debug|Any CPU
		{07EF01D2-7E53-4F5E-879A-19CB6E8D2E55}.Debug|ARM.Build.0 = Debug|Any CPU
		{07EF01D2-7E53-4F5E-879A-19CB6E8D2E55}.Debug|x86.ActiveCfg = Debug|Any CPU
		{07EF01D2-7E53-4F5E-879A-19CB6E8D2E55}.Debug|x86.Build.0 = Debug|Any CPU
		{07EF01D2-7E53-4F5E-879A-19CB6E8D2E55}.Release|Any CPU.ActiveCfg = Release|Any CPU
		{07EF01D2-7E53-4F5E-879A-19CB6E8D2E55}.Release|Any CPU.Build.0 = Release|Any CPU
		{07EF01D2-7E53-4F5E-879A-19CB6E8D2E55}.Release|ARM.ActiveCfg = Release|Any CPU
		{07EF01D2-7E53-4F5E-879A-19CB6E8D2E55}.Release|ARM.Build.0 = Release|Any CPU
		{07EF01D2-7E53-4F5E-879A-19CB6E8D2E55}.Release|x86.ActiveCfg = Release|Any CPU
		{07EF01D2-7E53-4F5E-879A-19CB6E8D2E55}.Release|x86.Build.0 = Release|Any CPU
	EndGlobalSection
	GlobalSection(SolutionProperties) = preSolution
		HideSolutionNode = FALSE
	EndGlobalSection
EndGlobal
